{
  "name": "domliner",
  "version": "1.2.6",
  "lockfileVersion": 1,
  "dependencies": {
    "glodule": {
      "version": "1.0.3",
      "resolved": "https://registry.npmjs.org/glodule/-/glodule-1.0.3.tgz",
      "integrity": "sha512-l5I4yUgy7lujjFuUu5/916s6Xuhcr6khNfL/H0um2jYhllTwsjkKTXzXciOqCDhLPb4mP3g0HvGD6xDqmnaJLA=="
    }
  }
}
