{
  "name": "domliner",
  "version": "1.2.8",
  "lockfileVersion": 1,
  "requires": true,
  "dependencies": {
    "@types/jake": {
      "version": "0.0.30",
      "resolved": "https://registry.npmjs.org/@types/jake/-/jake-0.0.30.tgz",
      "integrity": "sha512-F5txkK3aW+fAi4YExGq4Q0W+jJXIhjUvqwMNFPh8kmM+ZU90S/KdDcEV4H+Ug9fHFPAVHG+veaHE8ZHmJJxHCw==",
      "dev": true,
      "requires": {
        "@types/node": "*"
      }
    },
    "@types/node": {
      "version": "10.7.1",
      "resolved": "https://registry.npmjs.org/@types/node/-/node-10.7.1.tgz",
      "integrity": "sha512-EGoI4ylB/lPOaqXqtzAyL8HcgOuCtH2hkEaLmkueOYufsTFWBn4VCvlCDC2HW8Q+9iF+QVC3sxjDKQYjHQeZ9w==",
      "dev": true
    }
  }
}
